<?xml version="1.0" encoding="utf-8"?>
<Project ToolsVersion="4.0" xmlns="http://schemas.microsoft.com/developer/msbuild/2003">
  <ItemGroup>
    <Filter Include="Source Files">
      <UniqueIdentifier>{4FC737F1-C7A5-4376-A066-2A32D752A2FF}</UniqueIdentifier>
      <Extensions>qml;cpp;c;cc;cxx;def;odl;idl;hpj;bat;asm;asmx</Extensions>
    </Filter>
    <Filter Include="Header Files">
      <UniqueIdentifier>{93995380-89BD-4b04-88EB-625FBE52EBFB}</UniqueIdentifier>
      <Extensions>h;hh;hpp;hxx;hm;inl;inc;xsd</Extensions>
    </Filter>
    <Filter Include="Resource Files">
      <UniqueIdentifier>{67DA6AB6-F800-4c08-8B7A-83BB121AAD01}</UniqueIdentifier>
      <Extensions>qrc;rc;ico;cur;bmp;dlg;rc2;rct;bin;rgs;gif;jpg;jpeg;jpe;resx;tiff;tif;png;wav;mfcribbon-ms</Extensions>
    </Filter>
    <Filter Include="Form Files">
      <UniqueIdentifier>{99349809-55BA-4b9d-BF79-8FDBB0286EB3}</UniqueIdentifier>
      <Extensions>ui</Extensions>
    </Filter>
    <Filter Include="Translation Files">
      <UniqueIdentifier>{639EADAA-A684-42e4-A9AD-28FC9BCB8F7C}</UniqueIdentifier>
      <Extensions>ts</Extensions>
    </Filter>
    <Filter Include="down_json_client">
      <UniqueIdentifier>{2d74738b-add9-460b-a4a4-197c7c09cc7a}</UniqueIdentifier>
    </Filter>
    <Filter Include="down_block_client">
      <UniqueIdentifier>{b5fd4391-df6c-48f3-8678-8c413e6623ec}</UniqueIdentifier>
    </Filter>
    <Filter Include="wget_c_file_client">
      <UniqueIdentifier>{241fa3dc-cf26-4c49-a733-17a8f8283a42}</UniqueIdentifier>
    </Filter>
    <Filter Include="client_to_the_server">
      <UniqueIdentifier>{999a7e26-c057-4039-9dcf-ea3e9e01081c}</UniqueIdentifier>
    </Filter>
  </ItemGroup>
  <ItemGroup>
    <QtRcc Include="client_page.qrc">
      <Filter>Resource Files</Filter>
    </QtRcc>
    <QtUic Include="client_page.ui">
      <Filter>Form Files</Filter>
    </QtUic>
    <QtMoc Include="client_page.h">
      <Filter>Header Files</Filter>
    </QtMoc>
    <ClCompile Include="client_page.cpp">
      <Filter>Source Files</Filter>
    </ClCompile>
  </ItemGroup>
  <ItemGroup>
    <ClCompile Include="main.cpp">
      <Filter>Source Files</Filter>
    </ClCompile>
    <ClCompile Include="..\..\server_page\server_page\GxJsonUtility.cpp">
      <Filter>Source Files</Filter>
    </ClCompile>
    <ClCompile Include="..\..\server_page\server_page\rapidjson_deserialize.cpp">
      <Filter>Source Files</Filter>
    </ClCompile>
    <ClCompile Include="..\..\server_page\server_page\rapidjson_serialize.cpp">
      <Filter>Source Files</Filter>
    </ClCompile>
    <ClCompile Include="io_context_pool.cpp">
      <Filter>Source Files</Filter>
    </ClCompile>
    <ClCompile Include="down_json_client.cpp">
      <Filter>down_json_client</Filter>
    </ClCompile>
    <ClCompile Include="down_block_client.cpp">
      <Filter>down_block_client</Filter>
    </ClCompile>
    <ClCompile Include="wget_c_file_client.cpp">
      <Filter>wget_c_file_client</Filter>
    </ClCompile>
    <ClCompile Include="client_to_the_server.cpp">
      <Filter>client_to_the_server</Filter>
    </ClCompile>
    <ClCompile Include="client_to_the_session.cpp">
      <Filter>client_to_the_server</Filter>
    </ClCompile>
  </ItemGroup>
  <ItemGroup>
    <ClInclude Include="..\..\server_page\server_page\common.h">
      <Filter>Header Files</Filter>
    </ClInclude>
    <ClInclude Include="..\..\server_page\server_page\GxJsonUtility.h">
      <Filter>Header Files</Filter>
    </ClInclude>
    <ClInclude Include="ThreadPool.h">
      <Filter>Header Files</Filter>
    </ClInclude>
    <ClInclude Include="io_context_pool.h">
      <Filter>Header Files</Filter>
    </ClInclude>
    <ClInclude Include="file_struct.h">
      <Filter>Header Files</Filter>
    </ClInclude>
    <ClInclude Include="..\..\share\request.hpp">
      <Filter>Header Files</Filter>
    </ClInclude>
    <ClInclude Include="..\..\share\response.hpp">
      <Filter>Header Files</Filter>
    </ClInclude>
    <ClInclude Include="client_to_the_server.h">
      <Filter>client_to_the_server</Filter>
    </ClInclude>
    <ClInclude Include="client_to_the_session.h">
      <Filter>client_to_the_server</Filter>
    </ClInclude>
    <ClInclude Include="basic_client.h">
      <Filter>Header Files</Filter>
    </ClInclude>
  </ItemGroup>
  <ItemGroup>
    <Image Include="images\client.ico">
      <Filter>Resource Files</Filter>
    </Image>
  </ItemGroup>
  <ItemGroup>
    <QtMoc Include="down_json_client.h">
      <Filter>down_json_client</Filter>
    </QtMoc>
    <QtMoc Include="down_block_client.h">
      <Filter>down_block_client</Filter>
    </QtMoc>
    <QtMoc Include="wget_c_file_client.h">
      <Filter>wget_c_file_client</Filter>
    </QtMoc>
  </ItemGroup>
  <ItemGroup>
    <None Include="packages.config" />
  </ItemGroup>
</Project>